
Microsoft Visual Studio Solution File, Format Version 12.00
# Visual Studio Version 16
VisualStudioVersion = 16.0.30225.117
MinimumVisualStudioVersion = 10.0.40219.1
Project("{FAE04EC0-301F-11D3-BF4B-00C04F79EFBC}") = "WpfAppBasics", "WpfAppBasics.csproj", "{671C825E-6B00-41AA-A6A2-C5F07BB40EB8}"
EndProject
Global
	GlobalSection(SolutionConfigurationPlatforms) = preSolution
		Debug|Any CPU = Debug|Any CPU
		Release|Any CPU = Release|Any CPU
	EndGlobalSection
	GlobalSection(ProjectConfigurationPlatforms) = postSolution
		{671C825E-6B00-41AA-A6A2-C5F07BB40EB8}.Debug|Any CPU.ActiveCfg = Debug|Any CPU
		{671C825E-6B00-41AA-A6A2-C5F07BB40EB8}.Debug|Any CPU.Build.0 = Debug|Any CPU
		{671C825E-6B00-41AA-A6A2-C5F07BB40EB8}.Release|Any CPU.ActiveCfg = Release|Any CPU
		{671C825E-6B00-41AA-A6A2-C5F07BB40EB8}.Release|Any CPU.Build.0 = Release|Any CPU
	EndGlobalSection
	GlobalSection(SolutionProperties) = preSolution
		HideSolutionNode = FALSE
	EndGlobalSection
	GlobalSection(ExtensibilityGlobals) = postSolution
		SolutionGuid = {3F164E85-AF7C-4555-8B2A-7314862A57A1}
	EndGlobalSection
EndGlobal
